
Microsoft Visual Studio Solution File, Format Version 12.00
# Visual Studio 2013
VisualStudioVersion = 12.0.21005.1
MinimumVisualStudioVersion = 10.0.40219.1
Project("{FAE04EC0-301F-11D3-BF4B-00C04F79EFBC}") = "TranslationListenerService", "TranslationListenerService\TranslationListenerService.csproj", "{1EE4F2D7-CDEC-4943-B126-8D7E7CE5BBDD}"
EndProject
Project("{FAE04EC0-301F-11D3-BF4B-00C04F79EFBC}") = "XMLSerialization", "..\XMLSerial\XMLSerialization\XMLSerialization.csproj", "{86C7F12D-3754-4028-9325-C0B537619DBA}"
EndProject
Project("{FAE04EC0-301F-11D3-BF4B-00C04F79EFBC}") = "LocalizationDatabaseAccess", "..\XMLSerial\LocalizationDatabaseAccess\LocalizationDatabaseAccess.csproj", "{1281B8EA-DAD0-4EC2-8AA9-DC6E5EDCC167}"
EndProject
Project("{FAE04EC0-301F-11D3-BF4B-00C04F79EFBC}") = "CodeEngine.Framework.QueryBuilder", "..\QueryBuilder\CodeEngine.Framework.QueryBuilder.csproj", "{9281D89A-C56F-4620-B036-1258CDB9B28E}"
EndProject
Project("{FAE04EC0-301F-11D3-BF4B-00C04F79EFBC}") = "LocalizationUnitTesting", "UnitTestProject1\LocalizationUnitTesting.csproj", "{D6EAF40E-E5A2-4057-82DF-B8F58A48CF91}"
EndProject
Global
	GlobalSection(SolutionConfigurationPlatforms) = preSolution
		Debug|Any CPU = Debug|Any CPU
		Release|Any CPU = Release|Any CPU
	EndGlobalSection
	GlobalSection(ProjectConfigurationPlatforms) = postSolution
		{1EE4F2D7-CDEC-4943-B126-8D7E7CE5BBDD}.Debug|Any CPU.ActiveCfg = Debug|Any CPU
		{1EE4F2D7-CDEC-4943-B126-8D7E7CE5BBDD}.Debug|Any CPU.Build.0 = Debug|Any CPU
		{1EE4F2D7-CDEC-4943-B126-8D7E7CE5BBDD}.Release|Any CPU.ActiveCfg = Release|Any CPU
		{1EE4F2D7-CDEC-4943-B126-8D7E7CE5BBDD}.Release|Any CPU.Build.0 = Release|Any CPU
		{86C7F12D-3754-4028-9325-C0B537619DBA}.Debug|Any CPU.ActiveCfg = Debug|Any CPU
		{86C7F12D-3754-4028-9325-C0B537619DBA}.Debug|Any CPU.Build.0 = Debug|Any CPU
		{86C7F12D-3754-4028-9325-C0B537619DBA}.Release|Any CPU.ActiveCfg = Release|Any CPU
		{86C7F12D-3754-4028-9325-C0B537619DBA}.Release|Any CPU.Build.0 = Release|Any CPU
		{1281B8EA-DAD0-4EC2-8AA9-DC6E5EDCC167}.Debug|Any CPU.ActiveCfg = Debug|Any CPU
		{1281B8EA-DAD0-4EC2-8AA9-DC6E5EDCC167}.Debug|Any CPU.Build.0 = Debug|Any CPU
		{1281B8EA-DAD0-4EC2-8AA9-DC6E5EDCC167}.Release|Any CPU.ActiveCfg = Release|Any CPU
		{1281B8EA-DAD0-4EC2-8AA9-DC6E5EDCC167}.Release|Any CPU.Build.0 = Release|Any CPU
		{9281D89A-C56F-4620-B036-1258CDB9B28E}.Debug|Any CPU.ActiveCfg = Debug|Any CPU
		{9281D89A-C56F-4620-B036-1258CDB9B28E}.Debug|Any CPU.Build.0 = Debug|Any CPU
		{9281D89A-C56F-4620-B036-1258CDB9B28E}.Release|Any CPU.ActiveCfg = Release|Any CPU
		{9281D89A-C56F-4620-B036-1258CDB9B28E}.Release|Any CPU.Build.0 = Release|Any CPU
		{D6EAF40E-E5A2-4057-82DF-B8F58A48CF91}.Debug|Any CPU.ActiveCfg = Debug|Any CPU
		{D6EAF40E-E5A2-4057-82DF-B8F58A48CF91}.Debug|Any CPU.Build.0 = Debug|Any CPU
		{D6EAF40E-E5A2-4057-82DF-B8F58A48CF91}.Release|Any CPU.ActiveCfg = Release|Any CPU
		{D6EAF40E-E5A2-4057-82DF-B8F58A48CF91}.Release|Any CPU.Build.0 = Release|Any CPU
	EndGlobalSection
	GlobalSection(SolutionProperties) = preSolution
		HideSolutionNode = FALSE
	EndGlobalSection
EndGlobal
